<?xml version="1.0" encoding="utf-8"?>
<Project ToolsVersion="4.0" xmlns="http://schemas.microsoft.com/developer/msbuild/2003">
  <ItemGroup>
    <Filter Include="Source">
      <UniqueIdentifier>{c8230148-bfb2-4b23-b497-364851f1d60c}</UniqueIdentifier>
    </Filter>
    <Filter Include="Source\MainMenuMode">
      <UniqueIdentifier>{af45f9be-d512-42ec-8ae9-a5e2ba6aec1a}</UniqueIdentifier>
    </Filter>
    <Filter Include="Source\CharacterTestMode">
      <UniqueIdentifier>{14fc0c89-9fda-4494-9628-e13f5ad78f54}</UniqueIdentifier>
    </Filter>
    <Filter Include="Source\CharacterControllerMode">
      <UniqueIdentifier>{b8eebd9e-bfb6-47e7-9a13-c87276b839c7}</UniqueIdentifier>
    </Filter>
  </ItemGroup>
  <ItemGroup>
    <ClCompile Include="Main.cpp">
      <Filter>Source</Filter>
    </ClCompile>
    <ClCompile Include="Application.cpp">
      <Filter>Source</Filter>
    </ClCompile>
    <ClCompile Include="MainWindow.cpp">
      <Filter>Source</Filter>
    </ClCompile>
    <ClCompile Include="GLES2Texture.cpp">
      <Filter>Source</Filter>
    </ClCompile>
    <ClCompile Include="Game.cpp">
      <Filter>Source</Filter>
    </ClCompile>
    <ClCompile Include="Camera.cpp">
      <Filter>Source</Filter>
    </ClCompile>
    <ClCompile Include="Geometry.cpp">
      <Filter>Source</Filter>
    </ClCompile>
    <ClCompile Include="D2DLayer.cpp">
      <Filter>Source</Filter>
    </ClCompile>
    <ClCompile Include="OutlinedTextRenderer.cpp">
      <Filter>Source</Filter>
    </ClCompile>
    <ClCompile Include="WindowsUtils.cpp">
      <Filter>Source</Filter>
    </ClCompile>
    <ClCompile Include="MainMenuMode\MainMenuMode.cpp">
      <Filter>Source\MainMenuMode</Filter>
    </ClCompile>
    <ClCompile Include="CharacterTestMode\CharacterTestMode.cpp">
      <Filter>Source\CharacterTestMode</Filter>
    </ClCompile>
    <ClCompile Include="CharacterControllerMode\CharacterControllerMode.cpp">
      <Filter>Source\CharacterControllerMode</Filter>
    </ClCompile>
    <ClCompile Include="CharacterControllerMode\World.cpp">
      <Filter>Source\CharacterControllerMode</Filter>
    </ClCompile>
    <ClCompile Include="GLES2Renderer.cpp">
      <Filter>Source</Filter>
    </ClCompile>
    <ClCompile Include="D2DRenderer.cpp">
      <Filter>Source</Filter>
    </ClCompile>
    <ClCompile Include="CharacterTestMode\DropShadow.cpp">
      <Filter>Source\CharacterTestMode</Filter>
    </ClCompile>
    <ClCompile Include="CharacterTestMode\RevealingText.cpp">
      <Filter>Source\CharacterTestMode</Filter>
    </ClCompile>
    <ClCompile Include="CharacterTestMode\WorldObject.cpp">
      <Filter>Source\CharacterTestMode</Filter>
    </ClCompile>
    <ClCompile Include="CharacterTestMode\WorldRenderer.cpp">
      <Filter>Source\CharacterTestMode</Filter>
    </ClCompile>
  </ItemGroup>
  <ItemGroup>
    <ClInclude Include="Application.hpp">
      <Filter>Source</Filter>
    </ClInclude>
    <ClInclude Include="MainWindow.hpp">
      <Filter>Source</Filter>
    </ClInclude>
    <ClInclude Include="Geometry.hpp">
      <Filter>Source</Filter>
    </ClInclude>
    <ClInclude Include="GLES2Texture.hpp">
      <Filter>Source</Filter>
    </ClInclude>
    <ClInclude Include="WindowsUtils.hpp">
      <Filter>Source</Filter>
    </ClInclude>
    <ClInclude Include="Game.hpp">
      <Filter>Source</Filter>
    </ClInclude>
    <ClInclude Include="Camera.hpp">
      <Filter>Source</Filter>
    </ClInclude>
    <ClInclude Include="D2DLayer.hpp">
      <Filter>Source</Filter>
    </ClInclude>
    <ClInclude Include="OutlinedTextRenderer.hpp">
      <Filter>Source</Filter>
    </ClInclude>
    <ClInclude Include="MainMenuMode\MainMenuMode.hpp">
      <Filter>Source\MainMenuMode</Filter>
    </ClInclude>
    <ClInclude Include="CharacterTestMode\CharacterTestMode.hpp">
      <Filter>Source\CharacterTestMode</Filter>
    </ClInclude>
    <ClInclude Include="CharacterControllerMode\CharacterControllerMode.hpp">
      <Filter>Source\CharacterControllerMode</Filter>
    </ClInclude>
    <ClInclude Include="CharacterControllerMode\World.hpp">
      <Filter>Source\CharacterControllerMode</Filter>
    </ClInclude>
    <ClInclude Include="GLES2Renderer.hpp">
      <Filter>Source</Filter>
    </ClInclude>
    <ClInclude Include="D2DRenderer.hpp">
      <Filter>Source</Filter>
    </ClInclude>
    <ClInclude Include="CharacterTestMode\DropShadow.hpp">
      <Filter>Source\CharacterTestMode</Filter>
    </ClInclude>
    <ClInclude Include="CharacterTestMode\RevealingText.hpp">
      <Filter>Source\CharacterTestMode</Filter>
    </ClInclude>
    <ClInclude Include="CharacterTestMode\WorldRenderer.hpp">
      <Filter>Source\CharacterTestMode</Filter>
    </ClInclude>
    <ClInclude Include="CharacterTestMode\WorldObject.hpp">
      <Filter>Source\CharacterTestMode</Filter>
    </ClInclude>
  </ItemGroup>
</Project>