<?xml version="1.0" encoding="utf-8"?>
<Project ToolsVersion="4.0" xmlns="http://schemas.microsoft.com/developer/msbuild/2003">
  <ItemGroup>
    <Filter Include="Source">
      <UniqueIdentifier>{9204045b-1d94-4d5e-b034-ca808c1ae6c3}</UniqueIdentifier>
    </Filter>
    <Filter Include="Source\D3D11">
      <UniqueIdentifier>{5b3c026b-a130-427c-93b6-82bc4e24b8ae}</UniqueIdentifier>
    </Filter>
  </ItemGroup>
  <ItemGroup>
    <ClInclude Include="Application.hpp">
      <Filter>Source</Filter>
    </ClInclude>
    <ClInclude Include="CanvasWindow.hpp">
      <Filter>Source</Filter>
    </ClInclude>
    <ClInclude Include="D3D11\D3D11Driver.hpp">
      <Filter>Source\D3D11</Filter>
    </ClInclude>
    <ClInclude Include="D3D11\D3D11Utils.hpp">
      <Filter>Source\D3D11</Filter>
    </ClInclude>
    <ClInclude Include="Driver.hpp">
      <Filter>Source</Filter>
    </ClInclude>
    <ClInclude Include="CanvasWindowGraphics.hpp">
      <Filter>Source</Filter>
    </ClInclude>
    <ClInclude Include="D3D11\D3D11CanvasWindowGraphics.hpp">
      <Filter>Source\D3D11</Filter>
    </ClInclude>
    <ClInclude Include="CanvasImage.hpp">
      <Filter>Source</Filter>
    </ClInclude>
    <ClInclude Include="D3D11\D3D11Image.hpp">
      <Filter>Source\D3D11</Filter>
    </ClInclude>
    <ClInclude Include="Geometry.hpp">
      <Filter>Source</Filter>
    </ClInclude>
    <ClInclude Include="D3D11\CircularGradientShader.hpp">
      <Filter>Source\D3D11</Filter>
    </ClInclude>
    <ClInclude Include="DrawTool.hpp">
      <Filter>Source</Filter>
    </ClInclude>
    <ClInclude Include="D3D11\ConstantBuffer.hpp">
      <Filter>Source\D3D11</Filter>
    </ClInclude>
    <ClInclude Include="D3D11\D3D11DrawToolRenderer.hpp">
      <Filter>Source\D3D11</Filter>
    </ClInclude>
    <ClInclude Include="D3D11\BlendState.hpp">
      <Filter>Source\D3D11</Filter>
    </ClInclude>
    <ClInclude Include="D3D11\SamplerState.hpp">
      <Filter>Source\D3D11</Filter>
    </ClInclude>
    <ClInclude Include="D3D11\Buffer.hpp">
      <Filter>Source\D3D11</Filter>
    </ClInclude>
    <ClInclude Include="D3D11\InputLayout.hpp">
      <Filter>Source\D3D11</Filter>
    </ClInclude>
    <ClInclude Include="D3D11\PixelShader.hpp">
      <Filter>Source\D3D11</Filter>
    </ClInclude>
  </ItemGroup>
  <ItemGroup>
    <ClCompile Include="Main.cpp">
      <Filter>Source</Filter>
    </ClCompile>
    <ClCompile Include="Application.cpp">
      <Filter>Source</Filter>
    </ClCompile>
    <ClCompile Include="CanvasWindow.cpp">
      <Filter>Source</Filter>
    </ClCompile>
    <ClCompile Include="D3D11\D3D11Driver.cpp">
      <Filter>Source\D3D11</Filter>
    </ClCompile>
    <ClCompile Include="D3D11\D3D11CanvasWindowGraphics.cpp">
      <Filter>Source\D3D11</Filter>
    </ClCompile>
    <ClCompile Include="D3D11\D3D11Image.cpp">
      <Filter>Source\D3D11</Filter>
    </ClCompile>
    <ClCompile Include="CanvasImage.cpp">
      <Filter>Source</Filter>
    </ClCompile>
    <ClCompile Include="D3D11\D3D11Utils.cpp">
      <Filter>Source\D3D11</Filter>
    </ClCompile>
    <ClCompile Include="D3D11\CircularGradientShader.cpp">
      <Filter>Source\D3D11</Filter>
    </ClCompile>
    <ClCompile Include="Geometry.cpp">
      <Filter>Source</Filter>
    </ClCompile>
    <ClCompile Include="DrawTool.cpp">
      <Filter>Source</Filter>
    </ClCompile>
    <ClCompile Include="D3D11\ConstantBuffer.cpp">
      <Filter>Source\D3D11</Filter>
    </ClCompile>
    <ClCompile Include="D3D11\D3D11DrawToolRenderer.cpp">
      <Filter>Source\D3D11</Filter>
    </ClCompile>
    <ClCompile Include="D3D11\BlendState.cpp">
      <Filter>Source\D3D11</Filter>
    </ClCompile>
    <ClCompile Include="D3D11\SamplerState.cpp">
      <Filter>Source\D3D11</Filter>
    </ClCompile>
    <ClCompile Include="D3D11\Buffer.cpp">
      <Filter>Source\D3D11</Filter>
    </ClCompile>
    <ClCompile Include="D3D11\InputLayout.cpp">
      <Filter>Source\D3D11</Filter>
    </ClCompile>
    <ClCompile Include="D3D11\PixelShader.cpp">
      <Filter>Source\D3D11</Filter>
    </ClCompile>
  </ItemGroup>
</Project>